
Microsoft Visual Studio Solution File, Format Version 12.00
# Visual Studio Version 17
VisualStudioVersion = 17.12.35527.113
MinimumVisualStudioVersion = 10.0.40219.1
Project("{FAE04EC0-301F-11D3-BF4B-00C04F79EFBC}") = "TaskTrackerApp.Domain", "TaskTrackerApp.Domain\TaskTrackerApp.Domain.csproj", "{DBB4997E-F742-4945-BC78-3CD58C544C9B}"
EndProject
Project("{FAE04EC0-301F-11D3-BF4B-00C04F79EFBC}") = "TaskTrackerApp.Application", "TaskTrackerApp.Application\TaskTrackerApp.Application.csproj", "{B46D3EBA-61DE-472D-8C8E-62EF8F8B9D83}"
EndProject
Project("{FAE04EC0-301F-11D3-BF4B-00C04F79EFBC}") = "TaskTrackerApp.Infrastructure", "TaskTrackerApp.Infrastructure\TaskTrackerApp.Infrastructure.csproj", "{AD0A6224-E63A-410E-9A7B-D9B5333FF76F}"
EndProject
Project("{FAE04EC0-301F-11D3-BF4B-00C04F79EFBC}") = "TaskTrackerApp.WebAPI", "TaskTrackerApp.WebAPI\TaskTrackerApp.WebAPI.csproj", "{CDA1A7DC-6911-45BE-A10D-BB090A6CA749}"
EndProject
Global
	GlobalSection(SolutionConfigurationPlatforms) = preSolution
		Debug|Any CPU = Debug|Any CPU
		Release|Any CPU = Release|Any CPU
	EndGlobalSection
	GlobalSection(ProjectConfigurationPlatforms) = postSolution
		{DBB4997E-F742-4945-BC78-3CD58C544C9B}.Debug|Any CPU.ActiveCfg = Debug|Any CPU
		{DBB4997E-F742-4945-BC78-3CD58C544C9B}.Debug|Any CPU.Build.0 = Debug|Any CPU
		{DBB4997E-F742-4945-BC78-3CD58C544C9B}.Release|Any CPU.ActiveCfg = Release|Any CPU
		{DBB4997E-F742-4945-BC78-3CD58C544C9B}.Release|Any CPU.Build.0 = Release|Any CPU
		{B46D3EBA-61DE-472D-8C8E-62EF8F8B9D83}.Debug|Any CPU.ActiveCfg = Debug|Any CPU
		{B46D3EBA-61DE-472D-8C8E-62EF8F8B9D83}.Debug|Any CPU.Build.0 = Debug|Any CPU
		{B46D3EBA-61DE-472D-8C8E-62EF8F8B9D83}.Release|Any CPU.ActiveCfg = Release|Any CPU
		{B46D3EBA-61DE-472D-8C8E-62EF8F8B9D83}.Release|Any CPU.Build.0 = Release|Any CPU
		{AD0A6224-E63A-410E-9A7B-D9B5333FF76F}.Debug|Any CPU.ActiveCfg = Debug|Any CPU
		{AD0A6224-E63A-410E-9A7B-D9B5333FF76F}.Debug|Any CPU.Build.0 = Debug|Any CPU
		{AD0A6224-E63A-410E-9A7B-D9B5333FF76F}.Release|Any CPU.ActiveCfg = Release|Any CPU
		{AD0A6224-E63A-410E-9A7B-D9B5333FF76F}.Release|Any CPU.Build.0 = Release|Any CPU
		{CDA1A7DC-6911-45BE-A10D-BB090A6CA749}.Debug|Any CPU.ActiveCfg = Debug|Any CPU
		{CDA1A7DC-6911-45BE-A10D-BB090A6CA749}.Debug|Any CPU.Build.0 = Debug|Any CPU
		{CDA1A7DC-6911-45BE-A10D-BB090A6CA749}.Release|Any CPU.ActiveCfg = Release|Any CPU
		{CDA1A7DC-6911-45BE-A10D-BB090A6CA749}.Release|Any CPU.Build.0 = Release|Any CPU
	EndGlobalSection
	GlobalSection(SolutionProperties) = preSolution
		HideSolutionNode = FALSE
	EndGlobalSection
EndGlobal
